
Microsoft Visual Studio Solution File, Format Version 12.00
# Visual Studio Version 16
VisualStudioVersion = 16.0.29326.143
MinimumVisualStudioVersion = 10.0.40219.1
Project("{151D2E53-A2C4-4D7D-83FE-D05416EBD58E}") = "DeployADDC", "DeployADDC\DeployADDC.deployproj", "{4B106FC8-8660-49A3-85B7-4352E5CA4E1F}"
EndProject
Global
	GlobalSection(SolutionConfigurationPlatforms) = preSolution
		Debug|Any CPU = Debug|Any CPU
		Release|Any CPU = Release|Any CPU
	EndGlobalSection
	GlobalSection(ProjectConfigurationPlatforms) = postSolution
		{4B106FC8-8660-49A3-85B7-4352E5CA4E1F}.Debug|Any CPU.ActiveCfg = Debug|Any CPU
		{4B106FC8-8660-49A3-85B7-4352E5CA4E1F}.Debug|Any CPU.Build.0 = Debug|Any CPU
		{4B106FC8-8660-49A3-85B7-4352E5CA4E1F}.Release|Any CPU.ActiveCfg = Release|Any CPU
		{4B106FC8-8660-49A3-85B7-4352E5CA4E1F}.Release|Any CPU.Build.0 = Release|Any CPU
	EndGlobalSection
	GlobalSection(SolutionProperties) = preSolution
		HideSolutionNode = FALSE
	EndGlobalSection
	GlobalSection(ExtensibilityGlobals) = postSolution
		SolutionGuid = {483292DB-7490-4849-8A20-83E040930EAC}
	EndGlobalSection
EndGlobal
